
Microsoft Visual Studio Solution File, Format Version 12.00
# Visual Studio Version 16
VisualStudioVersion = 16.0.30717.126
MinimumVisualStudioVersion = 15.0.26124.0
Project("{2150E333-8FDC-42A3-9474-1A3956D46DE8}") = "src", "src", "{74540F02-05BA-44DA-9AAE-22B58ED0D1B5}"
EndProject
Project("{FAE04EC0-301F-11D3-BF4B-00C04F79EFBC}") = "Fido.Core", "src\Fido.Core\Fido.Core.csproj", "{D0387E1E-175D-4736-A89F-E540AC1475B6}"
EndProject
Project("{2150E333-8FDC-42A3-9474-1A3956D46DE8}") = "test", "test", "{4CC0A5D3-2475-477B-BB40-C4AF77B33A56}"
EndProject
Project("{FAE04EC0-301F-11D3-BF4B-00C04F79EFBC}") = "Fido.Core.UnitTests", "test\Fido.Core.UnitTests\Fido.Core.UnitTests.csproj", "{857C7A6B-F4DB-469C-97A3-75C13AE0A10F}"
EndProject
Global
	GlobalSection(SolutionProperties) = preSolution
		HideSolutionNode = FALSE
	EndGlobalSection
	GlobalSection(ExtensibilityGlobals) = postSolution
		SolutionGuid = {DF3BBF27-0F8C-46C5-9CE3-648CECE8DB9A}
	EndGlobalSection
	GlobalSection(SolutionConfigurationPlatforms) = preSolution
		Debug|Any CPU = Debug|Any CPU
		Debug|x64 = Debug|x64
		Debug|x86 = Debug|x86
		Release|Any CPU = Release|Any CPU
		Release|x64 = Release|x64
		Release|x86 = Release|x86
	EndGlobalSection
	GlobalSection(ProjectConfigurationPlatforms) = postSolution
		{D0387E1E-175D-4736-A89F-E540AC1475B6}.Debug|Any CPU.ActiveCfg = Debug|Any CPU
		{D0387E1E-175D-4736-A89F-E540AC1475B6}.Debug|Any CPU.Build.0 = Debug|Any CPU
		{D0387E1E-175D-4736-A89F-E540AC1475B6}.Debug|x64.ActiveCfg = Debug|Any CPU
		{D0387E1E-175D-4736-A89F-E540AC1475B6}.Debug|x64.Build.0 = Debug|Any CPU
		{D0387E1E-175D-4736-A89F-E540AC1475B6}.Debug|x86.ActiveCfg = Debug|Any CPU
		{D0387E1E-175D-4736-A89F-E540AC1475B6}.Debug|x86.Build.0 = Debug|Any CPU
		{D0387E1E-175D-4736-A89F-E540AC1475B6}.Release|Any CPU.ActiveCfg = Release|Any CPU
		{D0387E1E-175D-4736-A89F-E540AC1475B6}.Release|Any CPU.Build.0 = Release|Any CPU
		{D0387E1E-175D-4736-A89F-E540AC1475B6}.Release|x64.ActiveCfg = Release|Any CPU
		{D0387E1E-175D-4736-A89F-E540AC1475B6}.Release|x64.Build.0 = Release|Any CPU
		{D0387E1E-175D-4736-A89F-E540AC1475B6}.Release|x86.ActiveCfg = Release|Any CPU
		{D0387E1E-175D-4736-A89F-E540AC1475B6}.Release|x86.Build.0 = Release|Any CPU
		{857C7A6B-F4DB-469C-97A3-75C13AE0A10F}.Debug|Any CPU.ActiveCfg = Debug|Any CPU
		{857C7A6B-F4DB-469C-97A3-75C13AE0A10F}.Debug|Any CPU.Build.0 = Debug|Any CPU
		{857C7A6B-F4DB-469C-97A3-75C13AE0A10F}.Debug|x64.ActiveCfg = Debug|Any CPU
		{857C7A6B-F4DB-469C-97A3-75C13AE0A10F}.Debug|x64.Build.0 = Debug|Any CPU
		{857C7A6B-F4DB-469C-97A3-75C13AE0A10F}.Debug|x86.ActiveCfg = Debug|Any CPU
		{857C7A6B-F4DB-469C-97A3-75C13AE0A10F}.Debug|x86.Build.0 = Debug|Any CPU
		{857C7A6B-F4DB-469C-97A3-75C13AE0A10F}.Release|Any CPU.ActiveCfg = Release|Any CPU
		{857C7A6B-F4DB-469C-97A3-75C13AE0A10F}.Release|Any CPU.Build.0 = Release|Any CPU
		{857C7A6B-F4DB-469C-97A3-75C13AE0A10F}.Release|x64.ActiveCfg = Release|Any CPU
		{857C7A6B-F4DB-469C-97A3-75C13AE0A10F}.Release|x64.Build.0 = Release|Any CPU
		{857C7A6B-F4DB-469C-97A3-75C13AE0A10F}.Release|x86.ActiveCfg = Release|Any CPU
		{857C7A6B-F4DB-469C-97A3-75C13AE0A10F}.Release|x86.Build.0 = Release|Any CPU
	EndGlobalSection
	GlobalSection(NestedProjects) = preSolution
		{D0387E1E-175D-4736-A89F-E540AC1475B6} = {74540F02-05BA-44DA-9AAE-22B58ED0D1B5}
		{857C7A6B-F4DB-469C-97A3-75C13AE0A10F} = {4CC0A5D3-2475-477B-BB40-C4AF77B33A56}
	EndGlobalSection
EndGlobal
